
Microsoft Visual Studio Solution File, Format Version 12.00
# Visual Studio Version 17
VisualStudioVersion = 17.5.33530.505
MinimumVisualStudioVersion = 10.0.40219.1
Project("{8BC9CEB8-8B4A-11D0-8D11-00A0C91BC942}") = "MT3_00_04_Basic", "MT3_00_04_Basic.vcxproj", "{F19BA62C-D47D-4268-AE28-7454E2091EFD}"
EndProject
Global
	GlobalSection(SolutionConfigurationPlatforms) = preSolution
		Debug|x64 = Debug|x64
		Release|x64 = Release|x64
	EndGlobalSection
	GlobalSection(ProjectConfigurationPlatforms) = postSolution
		{F19BA62C-D47D-4268-AE28-7454E2091EFD}.Debug|x64.ActiveCfg = Debug|x64
		{F19BA62C-D47D-4268-AE28-7454E2091EFD}.Debug|x64.Build.0 = Debug|x64
		{F19BA62C-D47D-4268-AE28-7454E2091EFD}.Release|x64.ActiveCfg = Release|x64
		{F19BA62C-D47D-4268-AE28-7454E2091EFD}.Release|x64.Build.0 = Release|x64
	EndGlobalSection
	GlobalSection(SolutionProperties) = preSolution
		HideSolutionNode = FALSE
	EndGlobalSection
	GlobalSection(ExtensibilityGlobals) = postSolution
		SolutionGuid = {66910CB3-D4AE-4D70-985D-734EBA74AE28}
	EndGlobalSection
EndGlobal
